// !$*UTF8*$!
{
	archiveVersion = 1;
	classes = {
	};
	objectVersion = 46;
	objects = {

/* Begin PBXBuildFile section */
		3FAF82CB1C9D8076002C03C8 /* AppDelegate.swift in Sources */ = {isa = PBXBuildFile; fileRef = 3FAF82CA1C9D8076002C03C8 /* AppDelegate.swift */; };
		3FAF82CD1C9D8076002C03C8 /* ViewController.swift in Sources */ = {isa = PBXBuildFile; fileRef = 3FAF82CC1C9D8076002C03C8 /* ViewController.swift */; };
		3FAF82D01C9D8076002C03C8 /* Main.storyboard in Resources */ = {isa = PBXBuildFile; fileRef = 3FAF82CE1C9D8076002C03C8 /* Main.storyboard */; };
		3FAF82D21C9D8076002C03C8 /* Assets.xcassets in Resources */ = {isa = PBXBuildFile; fileRef = 3FAF82D11C9D8076002C03C8 /* Assets.xcassets */; };
		3FAF82D51C9D8076002C03C8 /* LaunchScreen.storyboard in Resources */ = {isa = PBXBuildFile; fileRef = 3FAF82D31C9D8076002C03C8 /* LaunchScreen.storyboard */; };
		3FAF82E01C9D8076002C03C8 /* calculator_iosTests.swift in Sources */ = {isa = PBXBuildFile; fileRef = 3FAF82DF1C9D8076002C03C8 /* calculator_iosTests.swift */; };
/* End PBXBuildFile section */

/* Begin PBXContainerItemProxy section */
		3FAF82DC1C9D8076002C03C8 /* PBXContainerItemProxy */ = {
			isa = PBXContainerItemProxy;
			containerPortal = 3FAF82BF1C9D8076002C03C8 /* Project object */;
			proxyType = 1;
			remoteGlobalIDString = 3FAF82C61C9D8076002C03C8;
			remoteInfo = "calculator-ios";
		};
/* End PBXContainerItemProxy section */

/* Begin PBXFileReference section */
		3FAF82C71C9D8076002C03C8 /* calculator-ios.app */ = {isa = PBXFileReference; explicitFileType = wrapper.application; includeInIndex = 0; path = "calculator-ios.app"; sourceTree = BUILT_PRODUCTS_DIR; };
		3FAF82CA1C9D8076002C03C8 /* AppDelegate.swift */ = {isa = PBXFileReference; lastKnownFileType = sourcecode.swift; path = AppDelegate.swift; sourceTree = "<group>"; };
		3FAF82CC1C9D8076002C03C8 /* ViewController.swift */ = {isa = PBXFileReference; lastKnownFileType = sourcecode.swift; path = ViewController.swift; sourceTree = "<group>"; };
		3FAF82CF1C9D8076002C03C8 /* Base */ = {isa = PBXFileReference; lastKnownFileType = file.storyboard; name = Base; path = Base.lproj/Main.storyboard; sourceTree = "<group>"; };
		3FAF82D11C9D8076002C03C8 /* Assets.xcassets */ = {isa = PBXFileReference; lastKnownFileType = folder.assetcatalog; path = Assets.xcassets; sourceTree = "<group>"; };
		3FAF82D41C9D8076002C03C8 /* Base */ = {isa = PBXFileReference; lastKnownFileType = file.storyboard; name = Base; path = Base.lproj/LaunchScreen.storyboard; sourceTree = "<group>"; };
		3FAF82D61C9D8076002C03C8 /* Info.plist */ = {isa = PBXFileReference; lastKnownFileType = text.plist.xml; path = Info.plist; sourceTree = "<group>"; };
		3FAF82DB1C9D8076002C03C8 /* calculator-iosTests.xctest */ = {isa = PBXFileReference; explicitFileType = wrapper.cfbundle; includeInIndex = 0; path = "calculator-iosTests.xctest"; sourceTree = BUILT_PRODUCTS_DIR; };
		3FAF82DF1C9D8076002C03C8 /* calculator_iosTests.swift */ = {isa = PBXFileReference; lastKnownFileType = sourcecode.swift; path = calculator_iosTests.swift; sourceTree = "<group>"; };
		3FAF82E11C9D8076002C03C8 /* Info.plist */ = {isa = PBXFileReference; lastKnownFileType = text.plist.xml; path = Info.plist; sourceTree = "<group>"; };
/* End PBXFileReference section */

/* Begin PBXFrameworksBuildPhase section */
		3FAF82C41C9D8076002C03C8 /* Frameworks */ = {
			isa = PBXFrameworksBuildPhase;
			buildActionMask = 2147483647;
			files = (
			);
			runOnlyForDeploymentPostprocessing = 0;
		};
		3FAF82D81C9D8076002C03C8 /* Frameworks */ = {
			isa = PBXFrameworksBuildPhase;
			buildActionMask = 2147483647;
			files = (
			);
			runOnlyForDeploymentPostprocessing = 0;
		};
/* End PBXFrameworksBuildPhase section */

/* Begin PBXGroup section */
		3FAF82BE1C9D8076002C03C8 = {
			isa = PBXGroup;
			children = (
				3FAF82C91C9D8076002C03C8 /* calculator-ios */,
				3FAF82DE1C9D8076002C03C8 /* calculator-iosTests */,
				3FAF82C81C9D8076002C03C8 /* Products */,
			);
			sourceTree = "<group>";
		};
		3FAF82C81C9D8076002C03C8 /* Products */ = {
			isa = PBXGroup;
			children = (
				3FAF82C71C9D8076002C03C8 /* calculator-ios.app */,
				3FAF82DB1C9D8076002C03C8 /* calculator-iosTests.xctest */,
			);
			name = Products;
			sourceTree = "<group>";
		};
		3FAF82C91C9D8076002C03C8 /* calculator-ios */ = {
			isa = PBXGroup;
			children = (
				3FAF82CA1C9D8076002C03C8 /* AppDelegate.swift */,
				3FAF82CC1C9D8076002C03C8 /* ViewController.swift */,
				3FAF82CE1C9D8076002C03C8 /* Main.storyboard */,
				3FAF82D11C9D8076002C03C8 /* Assets.xcassets */,
				3FAF82D31C9D8076002C03C8 /* LaunchScreen.storyboard */,
				3FAF82D61C9D8076002C03C8 /* Info.plist */,
			);
			path = "calculator-ios";
			sourceTree = "<group>";
		};
		3FAF82DE1C9D8076002C03C8 /* calculator-iosTests */ = {
			isa = PBXGroup;
			children = (
				3FAF82DF1C9D8076002C03C8 /* calculator_iosTests.swift */,
				3FAF82E11C9D8076002C03C8 /* Info.plist */,
			);
			path = "calculator-iosTests";
			sourceTree = "<group>";
		};
/* End PBXGroup section */

/* Begin PBXNativeTarget section */
		3FAF82C61C9D8076002C03C8 /* calculator-ios */ = {
			isa = PBXNativeTarget;
			buildConfigurationList = 3FAF82E41C9D8076002C03C8 /* Build configuration list for PBXNativeTarget "calculator-ios" */;
			buildPhases = (
				3FAF82C31C9D8076002C03C8 /* Sources */,
				3FAF82C41C9D8076002C03C8 /* Frameworks */,
				3FAF82C51C9D8076002C03C8 /* Resources */,
			);
			buildRules = (
			);
			dependencies = (
			);
			name = "calculator-ios";
			productName = "calculator-ios";
			productReference = 3FAF82C71C9D8076002C03C8 /* calculator-ios.app */;
			productType = "com.apple.product-type.application";
		};
		3FAF82DA1C9D8076002C03C8 /* calculator-iosTests */ = {
			isa = PBXNativeTarget;
			buildConfigurationList = 3FAF82E71C9D8076002C03C8 /* Build configuration list for PBXNativeTarget "calculator-iosTests" */;
			buildPhases = (
				3FAF82D71C9D8076002C03C8 /* Sources */,
				3FAF82D81C9D8076002C03C8 /* Frameworks */,
				3FAF82D91C9D8076002C03C8 /* Resources */,
			);
			buildRules = (
			);
			dependencies = (
				3FAF82DD1C9D8076002C03C8 /* PBXTargetDependency */,
			);
			name = "calculator-iosTests";
			productName = "calculator-iosTests";
			productReference = 3FAF82DB1C9D8076002C03C8 /* calculator-iosTests.xctest */;
			productType = "com.apple.product-type.bundle.unit-test";
		};
/* End PBXNativeTarget section */

/* Begin PBXProject section */
		3FAF82BF1C9D8076002C03C8 /* Project object */ = {
			isa = PBXProject;
			attributes = {
				LastSwiftUpdateCheck = 0720;
				LastUpgradeCheck = 0720;
				ORGANIZATIONNAME = Train;
				TargetAttributes = {
					3FAF82C61C9D8076002C03C8 = {
						CreatedOnToolsVersion = 7.2.1;
						DevelopmentTeam = 8T7JPP7KC3;
					};
					3FAF82DA1C9D8076002C03C8 = {
						CreatedOnToolsVersion = 7.2.1;
						DevelopmentTeam = 8T7JPP7KC3;
						TestTargetID = 3FAF82C61C9D8076002C03C8;
					};
				};
			};
			buildConfigurationList = 3FAF82C21C9D8076002C03C8 /* Build configuration list for PBXProject "calculator-ios" */;
			compatibilityVersion = "Xcode 3.2";
			developmentRegion = English;
			hasScannedForEncodings = 0;
			knownRegions = (
				en,
				Base,
			);
			mainGroup = 3FAF82BE1C9D8076002C03C8;
			productRefGroup = 3FAF82C81C9D8076002C03C8 /* Products */;
			projectDirPath = "";
			projectRoot = "";
			targets = (
				3FAF82C61C9D8076002C03C8 /* calculator-ios */,
				3FAF82DA1C9D8076002C03C8 /* calculator-iosTests */,
			);
		};
/* End PBXProject section */

/* Begin PBXResourcesBuildPhase section */
		3FAF82C51C9D8076002C03C8 /* Resources */ = {
			isa = PBXResourcesBuildPhase;
			buildActionMask = 2147483647;
			files = (
				3FAF82D51C9D8076002C03C8 /* LaunchScreen.storyboard in Resources */,
				3FAF82D21C9D8076002C03C8 /* Assets.xcassets in Resources */,
				3FAF82D01C9D8076002C03C8 /* Main.storyboard in Resources */,
			);
			runOnlyForDeploymentPostprocessing = 0;
		};
		3FAF82D91C9D8076002C03C8 /* Resources */ = {
			isa = PBXResourcesBuildPhase;
			buildActionMask = 2147483647;
			files = (
			);
			runOnlyForDeploymentPostprocessing = 0;
		};
/* End PBXResourcesBuildPhase section */

/* Begin PBXSourcesBuildPhase section */
		3FAF82C31C9D8076002C03C8 /* Sources */ = {
			isa = PBXSourcesBuildPhase;
			buildActionMask = 2147483647;
			files = (
				3FAF82CD1C9D8076002C03C8 /* ViewController.swift in Sources */,
				3FAF82CB1C9D8076002C03C8 /* AppDelegate.swift in Sources */,
			);
			runOnlyForDeploymentPostprocessing = 0;
		};
		3FAF82D71C9D8076002C03C8 /* Sources */ = {
			isa = PBXSourcesBuildPhase;
			buildActionMask = 2147483647;
			files = (
				3FAF82E01C9D8076002C03C8 /* calculator_iosTests.swift in Sources */,
			);
			runOnlyForDeploymentPostprocessing = 0;
		};
/* End PBXSourcesBuildPhase section */

/* Begin PBXTargetDependency section */
		3FAF82DD1C9D8076002C03C8 /* PBXTargetDependency */ = {
			isa = PBXTargetDependency;
			target = 3FAF82C61C9D8076002C03C8 /* calculator-ios */;
			targetProxy = 3FAF82DC1C9D8076002C03C8 /* PBXContainerItemProxy */;
		};
/* End PBXTargetDependency section */

/* Begin PBXVariantGroup section */
		3FAF82CE1C9D8076002C03C8 /* Main.storyboard */ = {
			isa = PBXVariantGroup;
			children = (
				3FAF82CF1C9D8076002C03C8 /* Base */,
			);
			name = Main.storyboard;
			sourceTree = "<group>";
		};
		3FAF82D31C9D8076002C03C8 /* LaunchScreen.storyboard */ = {
			isa = PBXVariantGroup;
			children = (
				3FAF82D41C9D8076002C03C8 /* Base */,
			);
			name = LaunchScreen.storyboard;
			sourceTree = "<group>";
		};
/* End PBXVariantGroup section */

/* Begin XCBuildConfiguration section */
		3FAF82E21C9D8076002C03C8 /* Debug */ = {
			isa = XCBuildConfiguration;
			buildSettings = {
				ALWAYS_SEARCH_USER_PATHS = NO;
				CLANG_CXX_LANGUAGE_STANDARD = "gnu++0x";
				CLANG_CXX_LIBRARY = "libc++";
				CLANG_ENABLE_MODULES = YES;
				CLANG_ENABLE_OBJC_ARC = YES;
				CLANG_WARN_BOOL_CONVERSION = YES;
				CLANG_WARN_CONSTANT_CONVERSION = YES;
				CLANG_WARN_DIRECT_OBJC_ISA_USAGE = YES_ERROR;
				CLANG_WARN_EMPTY_BODY = YES;
				CLANG_WARN_ENUM_CONVERSION = YES;
				CLANG_WARN_INT_CONVERSION = YES;
				CLANG_WARN_OBJC_ROOT_CLASS = YES_ERROR;
				CLANG_WARN_UNREACHABLE_CODE = YES;
				CLANG_WARN__DUPLICATE_METHOD_MATCH = YES;
				"CODE_SIGN_IDENTITY[sdk=iphoneos*]" = "iPhone Developer";
				COPY_PHASE_STRIP = NO;
				DEBUG_INFORMATION_FORMAT = dwarf;
				ENABLE_STRICT_OBJC_MSGSEND = YES;
				ENABLE_TESTABILITY = YES;
				GCC_C_LANGUAGE_STANDARD = gnu99;
				GCC_DYNAMIC_NO_PIC = NO;
				GCC_NO_COMMON_BLOCKS = YES;
				GCC_OPTIMIZATION_LEVEL = 0;
				GCC_PREPROCESSOR_DEFINITIONS = (
					"DEBUG=1",
					"$(inherited)",
				);
				GCC_WARN_64_TO_32_BIT_CONVERSION = YES;
				GCC_WARN_ABOUT_RETURN_TYPE = YES_ERROR;
				GCC_WARN_UNDECLARED_SELECTOR = YES;
				GCC_WARN_UNINITIALIZED_AUTOS = YES_AGGRESSIVE;
				GCC_WARN_UNUSED_FUNCTION = YES;
				GCC_WARN_UNUSED_VARIABLE = YES;
				IPHONEOS_DEPLOYMENT_TARGET = 9.2;
				MTL_ENABLE_DEBUG_INFO = YES;
				ONLY_ACTIVE_ARCH = YES;
				SDKROOT = iphoneos;
				SWIFT_OPTIMIZATION_LEVEL = "-Onone";
				TARGETED_DEVICE_FAMILY = "1,2";
			};
			name = Debug;
		};
		3FAF82E31C9D8076002C03C8 /* Release */ = {
			isa = XCBuildConfiguration;
			buildSettings = {
				ALWAYS_SEARCH_USER_PATHS = NO;
				CLANG_CXX_LANGUAGE_STANDARD = "gnu++0x";
				CLANG_CXX_LIBRARY = "libc++";
				CLANG_ENABLE_MODULES = YES;
				CLANG_ENABLE_OBJC_ARC = YES;
				CLANG_WARN_BOOL_CONVERSION = YES;
				CLANG_WARN_CONSTANT_CONVERSION = YES;
				CLANG_WARN_DIRECT_OBJC_ISA_USAGE = YES_ERROR;
				CLANG_WARN_EMPTY_BODY = YES;
				CLANG_WARN_ENUM_CONVERSION = YES;
				CLANG_WARN_INT_CONVERSION = YES;
				CLANG_WARN_OBJC_ROOT_CLASS = YES_ERROR;
				CLANG_WARN_UNREACHABLE_CODE = YES;
				CLANG_WARN__DUPLICATE_METHOD_MATCH = YES;
				"CODE_SIGN_IDENTITY[sdk=iphoneos*]" = "iPhone Developer";
				COPY_PHASE_STRIP = NO;
				DEBUG_INFORMATION_FORMAT = "dwarf-with-dsym";
				ENABLE_NS_ASSERTIONS = NO;
				ENABLE_STRICT_OBJC_MSGSEND = YES;
				GCC_C_LANGUAGE_STANDARD = gnu99;
				GCC_NO_COMMON_BLOCKS = YES;
				GCC_WARN_64_TO_32_BIT_CONVERSION = YES;
				GCC_WARN_ABOUT_RETURN_TYPE = YES_ERROR;
				GCC_WARN_UNDECLARED_SELECTOR = YES;
				GCC_WARN_UNINITIALIZED_AUTOS = YES_AGGRESSIVE;
				GCC_WARN_UNUSED_FUNCTION = YES;
				GCC_WARN_UNUSED_VARIABLE = YES;
				IPHONEOS_DEPLOYMENT_TARGET = 9.2;
				MTL_ENABLE_DEBUG_INFO = NO;
				SDKROOT = iphoneos;
				TARGETED_DEVICE_FAMILY = "1,2";
				VALIDATE_PRODUCT = YES;
			};
			name = Release;
		};
		3FAF82E51C9D8076002C03C8 /* Debug */ = {
			isa = XCBuildConfiguration;
			buildSettings = {
				ASSETCATALOG_COMPILER_APPICON_NAME = AppIcon;
				INFOPLIST_FILE = "calculator-ios/Info.plist";
				LD_RUNPATH_SEARCH_PATHS = "$(inherited) @executable_path/Frameworks";
				PRODUCT_BUNDLE_IDENTIFIER = "tw.edu.nccu.Train.calculator-ios";
				PRODUCT_NAME = "$(TARGET_NAME)";
			};
			name = Debug;
		};
		3FAF82E61C9D8076002C03C8 /* Release */ = {
			isa = XCBuildConfiguration;
			buildSettings = {
				ASSETCATALOG_COMPILER_APPICON_NAME = AppIcon;
				INFOPLIST_FILE = "calculator-ios/Info.plist";
				LD_RUNPATH_SEARCH_PATHS = "$(inherited) @executable_path/Frameworks";
				PRODUCT_BUNDLE_IDENTIFIER = "tw.edu.nccu.Train.calculator-ios";
				PRODUCT_NAME = "$(TARGET_NAME)";
			};
			name = Release;
		};
		3FAF82E81C9D8076002C03C8 /* Debug */ = {
			isa = XCBuildConfiguration;
			buildSettings = {
				BUNDLE_LOADER = "$(TEST_HOST)";
				INFOPLIST_FILE = "calculator-iosTests/Info.plist";
				LD_RUNPATH_SEARCH_PATHS = "$(inherited) @executable_path/Frameworks @loader_path/Frameworks";
				PRODUCT_BUNDLE_IDENTIFIER = "tw.edu.nccu.Train.calculator-iosTests";
				PRODUCT_NAME = "$(TARGET_NAME)";
				TEST_HOST = "$(BUILT_PRODUCTS_DIR)/calculator-ios.app/calculator-ios";
			};
			name = Debug;
		};
		3FAF82E91C9D8076002C03C8 /* Release */ = {
			isa = XCBuildConfiguration;
			buildSettings = {
				BUNDLE_LOADER = "$(TEST_HOST)";
				INFOPLIST_FILE = "calculator-iosTests/Info.plist";
				LD_RUNPATH_SEARCH_PATHS = "$(inherited) @executable_path/Frameworks @loader_path/Frameworks";
				PRODUCT_BUNDLE_IDENTIFIER = "tw.edu.nccu.Train.calculator-iosTests";
				PRODUCT_NAME = "$(TARGET_NAME)";
				TEST_HOST = "$(BUILT_PRODUCTS_DIR)/calculator-ios.app/calculator-ios";
			};
			name = Release;
		};
/* End XCBuildConfiguration section */

/* Begin XCConfigurationList section */
		3FAF82C21C9D8076002C03C8 /* Build configuration list for PBXProject "calculator-ios" */ = {
			isa = XCConfigurationList;
			buildConfigurations = (
				3FAF82E21C9D8076002C03C8 /* Debug */,
				3FAF82E31C9D8076002C03C8 /* Release */,
			);
			defaultConfigurationIsVisible = 0;
			defaultConfigurationName = Release;
		};
		3FAF82E41C9D8076002C03C8 /* Build configuration list for PBXNativeTarget "calculator-ios" */ = {
			isa = XCConfigurationList;
			buildConfigurations = (
				3FAF82E51C9D8076002C03C8 /* Debug */,
				3FAF82E61C9D8076002C03C8 /* Release */,
			);
			defaultConfigurationIsVisible = 0;
		};
		3FAF82E71C9D8076002C03C8 /* Build configuration list for PBXNativeTarget "calculator-iosTests" */ = {
			isa = XCConfigurationList;
			buildConfigurations = (
				3FAF82E81C9D8076002C03C8 /* Debug */,
				3FAF82E91C9D8076002C03C8 /* Release */,
			);
			defaultConfigurationIsVisible = 0;
		};
/* End XCConfigurationList section */
	};
	rootObject = 3FAF82BF1C9D8076002C03C8 /* Project object */;
}
